
Microsoft Visual Studio Solution File, Format Version 11.00
# Visual C# Express 2010
Project("{FAE04EC0-301F-11D3-BF4B-00C04F79EFBC}") = "Problem_7_26", "Problem_7_26\Problem_7_26.csproj", "{742E3C7D-2280-4BCF-B20C-E2B300F041D3}"
EndProject
Global
	GlobalSection(SolutionConfigurationPlatforms) = preSolution
		Debug|x86 = Debug|x86
		Release|x86 = Release|x86
	EndGlobalSection
	GlobalSection(ProjectConfigurationPlatforms) = postSolution
		{742E3C7D-2280-4BCF-B20C-E2B300F041D3}.Debug|x86.ActiveCfg = Debug|x86
		{742E3C7D-2280-4BCF-B20C-E2B300F041D3}.Debug|x86.Build.0 = Debug|x86
		{742E3C7D-2280-4BCF-B20C-E2B300F041D3}.Release|x86.ActiveCfg = Release|x86
		{742E3C7D-2280-4BCF-B20C-E2B300F041D3}.Release|x86.Build.0 = Release|x86
	EndGlobalSection
	GlobalSection(SolutionProperties) = preSolution
		HideSolutionNode = FALSE
	EndGlobalSection
EndGlobal
