
Microsoft Visual Studio Solution File, Format Version 12.00
# Visual Studio 2013
VisualStudioVersion = 12.0.30501.0
MinimumVisualStudioVersion = 10.0.40219.1
Project("{FAE04EC0-301F-11D3-BF4B-00C04F79EFBC}") = "01.HttpRequestAPI", "01.HttpRequestAPI\01.HttpRequestAPI.csproj", "{CD33B0B5-C369-4BAD-AF8B-4ECD8A3522BE}"
EndProject
Project("{FAE04EC0-301F-11D3-BF4B-00C04F79EFBC}") = "03.StudentsAPI", "03.StudentsAPI\03.StudentsAPI.csproj", "{45811006-74F9-4E01-A5CA-EF14BF6E1F41}"
EndProject
Project("{FAE04EC0-301F-11D3-BF4B-00C04F79EFBC}") = "02.TwitterAPI", "TwitterAPI\02.TwitterAPI.csproj", "{3E0E1C30-C755-455C-A5F8-576DF55AD1AD}"
EndProject
Global
	GlobalSection(SolutionConfigurationPlatforms) = preSolution
		Debug|Any CPU = Debug|Any CPU
		Release|Any CPU = Release|Any CPU
	EndGlobalSection
	GlobalSection(ProjectConfigurationPlatforms) = postSolution
		{CD33B0B5-C369-4BAD-AF8B-4ECD8A3522BE}.Debug|Any CPU.ActiveCfg = Debug|Any CPU
		{CD33B0B5-C369-4BAD-AF8B-4ECD8A3522BE}.Debug|Any CPU.Build.0 = Debug|Any CPU
		{CD33B0B5-C369-4BAD-AF8B-4ECD8A3522BE}.Release|Any CPU.ActiveCfg = Release|Any CPU
		{CD33B0B5-C369-4BAD-AF8B-4ECD8A3522BE}.Release|Any CPU.Build.0 = Release|Any CPU
		{45811006-74F9-4E01-A5CA-EF14BF6E1F41}.Debug|Any CPU.ActiveCfg = Debug|Any CPU
		{45811006-74F9-4E01-A5CA-EF14BF6E1F41}.Debug|Any CPU.Build.0 = Debug|Any CPU
		{45811006-74F9-4E01-A5CA-EF14BF6E1F41}.Release|Any CPU.ActiveCfg = Release|Any CPU
		{45811006-74F9-4E01-A5CA-EF14BF6E1F41}.Release|Any CPU.Build.0 = Release|Any CPU
		{3E0E1C30-C755-455C-A5F8-576DF55AD1AD}.Debug|Any CPU.ActiveCfg = Debug|Any CPU
		{3E0E1C30-C755-455C-A5F8-576DF55AD1AD}.Debug|Any CPU.Build.0 = Debug|Any CPU
		{3E0E1C30-C755-455C-A5F8-576DF55AD1AD}.Release|Any CPU.ActiveCfg = Release|Any CPU
		{3E0E1C30-C755-455C-A5F8-576DF55AD1AD}.Release|Any CPU.Build.0 = Release|Any CPU
	EndGlobalSection
	GlobalSection(SolutionProperties) = preSolution
		HideSolutionNode = FALSE
	EndGlobalSection
EndGlobal
