
Microsoft Visual Studio Solution File, Format Version 12.00
# Visual Studio 2013
VisualStudioVersion = 12.0.30501.0
MinimumVisualStudioVersion = 10.0.40219.1
Project("{FAE04EC0-301F-11D3-BF4B-00C04F79EFBC}") = "01.TaskOne", "01.TaskOne\01.TaskOne.csproj", "{D5F0B85E-BCED-4A43-A350-2885D317795E}"
EndProject
Project("{FAE04EC0-301F-11D3-BF4B-00C04F79EFBC}") = "02.TaskTwo", "02.Task02\02.TaskTwo.csproj", "{3B4A00F4-F14E-4D9F-9801-0D0E4E49D416}"
EndProject
Global
	GlobalSection(SolutionConfigurationPlatforms) = preSolution
		Debug|Any CPU = Debug|Any CPU
		Release|Any CPU = Release|Any CPU
	EndGlobalSection
	GlobalSection(ProjectConfigurationPlatforms) = postSolution
		{D5F0B85E-BCED-4A43-A350-2885D317795E}.Debug|Any CPU.ActiveCfg = Debug|Any CPU
		{D5F0B85E-BCED-4A43-A350-2885D317795E}.Debug|Any CPU.Build.0 = Debug|Any CPU
		{D5F0B85E-BCED-4A43-A350-2885D317795E}.Release|Any CPU.ActiveCfg = Release|Any CPU
		{D5F0B85E-BCED-4A43-A350-2885D317795E}.Release|Any CPU.Build.0 = Release|Any CPU
		{3B4A00F4-F14E-4D9F-9801-0D0E4E49D416}.Debug|Any CPU.ActiveCfg = Debug|Any CPU
		{3B4A00F4-F14E-4D9F-9801-0D0E4E49D416}.Debug|Any CPU.Build.0 = Debug|Any CPU
		{3B4A00F4-F14E-4D9F-9801-0D0E4E49D416}.Release|Any CPU.ActiveCfg = Release|Any CPU
		{3B4A00F4-F14E-4D9F-9801-0D0E4E49D416}.Release|Any CPU.Build.0 = Release|Any CPU
	EndGlobalSection
	GlobalSection(SolutionProperties) = preSolution
		HideSolutionNode = FALSE
	EndGlobalSection
EndGlobal
