
Microsoft Visual Studio Solution File, Format Version 11.00
# Visual C# Express 2010
Project("{FAE04EC0-301F-11D3-BF4B-00C04F79EFBC}") = "Problem_6_18", "Problem_6_18\Problem_6_18.csproj", "{213CF598-7C36-448F-8A16-4EB1CA54CDA3}"
EndProject
Global
	GlobalSection(SolutionConfigurationPlatforms) = preSolution
		Debug|x86 = Debug|x86
		Release|x86 = Release|x86
	EndGlobalSection
	GlobalSection(ProjectConfigurationPlatforms) = postSolution
		{213CF598-7C36-448F-8A16-4EB1CA54CDA3}.Debug|x86.ActiveCfg = Debug|x86
		{213CF598-7C36-448F-8A16-4EB1CA54CDA3}.Debug|x86.Build.0 = Debug|x86
		{213CF598-7C36-448F-8A16-4EB1CA54CDA3}.Release|x86.ActiveCfg = Release|x86
		{213CF598-7C36-448F-8A16-4EB1CA54CDA3}.Release|x86.Build.0 = Release|x86
	EndGlobalSection
	GlobalSection(SolutionProperties) = preSolution
		HideSolutionNode = FALSE
	EndGlobalSection
EndGlobal
