
Microsoft Visual Studio Solution File, Format Version 12.00
# Visual Studio 2013
VisualStudioVersion = 12.0.21005.1
MinimumVisualStudioVersion = 10.0.40219.1
Project("{FAE04EC0-301F-11D3-BF4B-00C04F79EFBC}") = "01.PriorityQueue", "01.PriorityQueue\01.PriorityQueue.csproj", "{B55A3432-74FE-482B-97AF-26E4DDE65578}"
EndProject
Project("{FAE04EC0-301F-11D3-BF4B-00C04F79EFBC}") = "02.Best20PricedProducts", "02.Best20PricedProducts\02.Best20PricedProducts.csproj", "{E0330533-929D-4031-BAFC-7B81FB70629B}"
EndProject
Project("{FAE04EC0-301F-11D3-BF4B-00C04F79EFBC}") = "03.Trie", "03.Trie\03.Trie.csproj", "{38934A47-BD54-41F6-8913-CD753A925543}"
EndProject
Global
	GlobalSection(SolutionConfigurationPlatforms) = preSolution
		Debug|Any CPU = Debug|Any CPU
		Release|Any CPU = Release|Any CPU
	EndGlobalSection
	GlobalSection(ProjectConfigurationPlatforms) = postSolution
		{B55A3432-74FE-482B-97AF-26E4DDE65578}.Debug|Any CPU.ActiveCfg = Debug|Any CPU
		{B55A3432-74FE-482B-97AF-26E4DDE65578}.Debug|Any CPU.Build.0 = Debug|Any CPU
		{B55A3432-74FE-482B-97AF-26E4DDE65578}.Release|Any CPU.ActiveCfg = Release|Any CPU
		{B55A3432-74FE-482B-97AF-26E4DDE65578}.Release|Any CPU.Build.0 = Release|Any CPU
		{E0330533-929D-4031-BAFC-7B81FB70629B}.Debug|Any CPU.ActiveCfg = Debug|Any CPU
		{E0330533-929D-4031-BAFC-7B81FB70629B}.Debug|Any CPU.Build.0 = Debug|Any CPU
		{E0330533-929D-4031-BAFC-7B81FB70629B}.Release|Any CPU.ActiveCfg = Release|Any CPU
		{E0330533-929D-4031-BAFC-7B81FB70629B}.Release|Any CPU.Build.0 = Release|Any CPU
		{38934A47-BD54-41F6-8913-CD753A925543}.Debug|Any CPU.ActiveCfg = Debug|Any CPU
		{38934A47-BD54-41F6-8913-CD753A925543}.Debug|Any CPU.Build.0 = Debug|Any CPU
		{38934A47-BD54-41F6-8913-CD753A925543}.Release|Any CPU.ActiveCfg = Release|Any CPU
		{38934A47-BD54-41F6-8913-CD753A925543}.Release|Any CPU.Build.0 = Release|Any CPU
	EndGlobalSection
	GlobalSection(SolutionProperties) = preSolution
		HideSolutionNode = FALSE
	EndGlobalSection
EndGlobal
