
Microsoft Visual Studio Solution File, Format Version 12.00
# Visual Studio 2013
VisualStudioVersion = 12.0.30501.0
MinimumVisualStudioVersion = 10.0.40219.1
Project("{FAE04EC0-301F-11D3-BF4B-00C04F79EFBC}") = "01.KnapsackProblem", "01.KnapsackProblem\01.KnapsackProblem.csproj", "{CE2EA636-197E-4DD5-B51D-0CCA5752E1E6}"
EndProject
Project("{FAE04EC0-301F-11D3-BF4B-00C04F79EFBC}") = "02.MinimalEditDistance", "02.MinimalEditDistance\02.MinimalEditDistance.csproj", "{953F6A2D-651D-4A78-8784-FBE4DC6AEB86}"
EndProject
Global
	GlobalSection(SolutionConfigurationPlatforms) = preSolution
		Debug|Any CPU = Debug|Any CPU
		Release|Any CPU = Release|Any CPU
	EndGlobalSection
	GlobalSection(ProjectConfigurationPlatforms) = postSolution
		{CE2EA636-197E-4DD5-B51D-0CCA5752E1E6}.Debug|Any CPU.ActiveCfg = Debug|Any CPU
		{CE2EA636-197E-4DD5-B51D-0CCA5752E1E6}.Debug|Any CPU.Build.0 = Debug|Any CPU
		{CE2EA636-197E-4DD5-B51D-0CCA5752E1E6}.Release|Any CPU.ActiveCfg = Release|Any CPU
		{CE2EA636-197E-4DD5-B51D-0CCA5752E1E6}.Release|Any CPU.Build.0 = Release|Any CPU
		{953F6A2D-651D-4A78-8784-FBE4DC6AEB86}.Debug|Any CPU.ActiveCfg = Debug|Any CPU
		{953F6A2D-651D-4A78-8784-FBE4DC6AEB86}.Debug|Any CPU.Build.0 = Debug|Any CPU
		{953F6A2D-651D-4A78-8784-FBE4DC6AEB86}.Release|Any CPU.ActiveCfg = Release|Any CPU
		{953F6A2D-651D-4A78-8784-FBE4DC6AEB86}.Release|Any CPU.Build.0 = Release|Any CPU
	EndGlobalSection
	GlobalSection(SolutionProperties) = preSolution
		HideSolutionNode = FALSE
	EndGlobalSection
EndGlobal
