
Microsoft Visual Studio Solution File, Format Version 12.00
# Visual Studio 2013
VisualStudioVersion = 12.0.30501.0
MinimumVisualStudioVersion = 10.0.40219.1
Project("{FAE04EC0-301F-11D3-BF4B-00C04F79EFBC}") = "01.MessagesInABottle", "01.MessagesInABottle\01.MessagesInABottle.csproj", "{72F82679-8A12-41DB-B73A-8A0D9EAC3421}"
EndProject
Project("{FAE04EC0-301F-11D3-BF4B-00C04F79EFBC}") = "02.AcademyTasks", "02.AcademyTasks\02.AcademyTasks.csproj", "{412A3FD0-08E8-4514-ACA3-6EED8A0EF1B5}"
EndProject
Project("{FAE04EC0-301F-11D3-BF4B-00C04F79EFBC}") = "03.FriendsInNeed", "03.FriendsInNeed\03.FriendsInNeed.csproj", "{B17F5B97-F249-45BB-9139-4FE8101A0397}"
EndProject
Project("{FAE04EC0-301F-11D3-BF4B-00C04F79EFBC}") = "04.RiskWinsRiskLoses", "04.RiskWinsRiskLoses\04.RiskWinsRiskLoses.csproj", "{D46B09A2-332D-436A-8492-1F32E0536E44}"
EndProject
Project("{FAE04EC0-301F-11D3-BF4B-00C04F79EFBC}") = "05.ShoppingCenter", "05.ShoppingCenter\05.ShoppingCenter.csproj", "{38D0480C-9624-4033-85D2-18B823421468}"
EndProject
Global
	GlobalSection(SolutionConfigurationPlatforms) = preSolution
		Debug|Any CPU = Debug|Any CPU
		Release|Any CPU = Release|Any CPU
	EndGlobalSection
	GlobalSection(ProjectConfigurationPlatforms) = postSolution
		{72F82679-8A12-41DB-B73A-8A0D9EAC3421}.Debug|Any CPU.ActiveCfg = Debug|Any CPU
		{72F82679-8A12-41DB-B73A-8A0D9EAC3421}.Debug|Any CPU.Build.0 = Debug|Any CPU
		{72F82679-8A12-41DB-B73A-8A0D9EAC3421}.Release|Any CPU.ActiveCfg = Release|Any CPU
		{72F82679-8A12-41DB-B73A-8A0D9EAC3421}.Release|Any CPU.Build.0 = Release|Any CPU
		{412A3FD0-08E8-4514-ACA3-6EED8A0EF1B5}.Debug|Any CPU.ActiveCfg = Debug|Any CPU
		{412A3FD0-08E8-4514-ACA3-6EED8A0EF1B5}.Debug|Any CPU.Build.0 = Debug|Any CPU
		{412A3FD0-08E8-4514-ACA3-6EED8A0EF1B5}.Release|Any CPU.ActiveCfg = Release|Any CPU
		{412A3FD0-08E8-4514-ACA3-6EED8A0EF1B5}.Release|Any CPU.Build.0 = Release|Any CPU
		{B17F5B97-F249-45BB-9139-4FE8101A0397}.Debug|Any CPU.ActiveCfg = Debug|Any CPU
		{B17F5B97-F249-45BB-9139-4FE8101A0397}.Debug|Any CPU.Build.0 = Debug|Any CPU
		{B17F5B97-F249-45BB-9139-4FE8101A0397}.Release|Any CPU.ActiveCfg = Release|Any CPU
		{B17F5B97-F249-45BB-9139-4FE8101A0397}.Release|Any CPU.Build.0 = Release|Any CPU
		{D46B09A2-332D-436A-8492-1F32E0536E44}.Debug|Any CPU.ActiveCfg = Debug|Any CPU
		{D46B09A2-332D-436A-8492-1F32E0536E44}.Debug|Any CPU.Build.0 = Debug|Any CPU
		{D46B09A2-332D-436A-8492-1F32E0536E44}.Release|Any CPU.ActiveCfg = Release|Any CPU
		{D46B09A2-332D-436A-8492-1F32E0536E44}.Release|Any CPU.Build.0 = Release|Any CPU
		{38D0480C-9624-4033-85D2-18B823421468}.Debug|Any CPU.ActiveCfg = Debug|Any CPU
		{38D0480C-9624-4033-85D2-18B823421468}.Debug|Any CPU.Build.0 = Debug|Any CPU
		{38D0480C-9624-4033-85D2-18B823421468}.Release|Any CPU.ActiveCfg = Release|Any CPU
		{38D0480C-9624-4033-85D2-18B823421468}.Release|Any CPU.Build.0 = Release|Any CPU
	EndGlobalSection
	GlobalSection(SolutionProperties) = preSolution
		HideSolutionNode = FALSE
	EndGlobalSection
EndGlobal
