
Microsoft Visual Studio Solution File, Format Version 12.00
# Visual Studio Express 2012 for Windows Desktop
Project("{FAE04EC0-301F-11D3-BF4B-00C04F79EFBC}") = "01. 9GagNumbers", "01. 9GagNumbers\01. 9GagNumbers.csproj", "{B7F65D15-1C16-45BC-B774-F131240E9D7E}"
EndProject
Project("{FAE04EC0-301F-11D3-BF4B-00C04F79EFBC}") = "02. SpecialValue", "02.SpecialValue\02. SpecialValue.csproj", "{75411F8D-485A-4C03-8376-5CA50E386CCF}"
EndProject
Project("{FAE04EC0-301F-11D3-BF4B-00C04F79EFBC}") = "03. KukataIsDancing", "03. KukataIsDancing\03. KukataIsDancing.csproj", "{F1E5CD31-5A39-4055-8A98-FDB1B64FCFBF}"
EndProject
Project("{FAE04EC0-301F-11D3-BF4B-00C04F79EFBC}") = "04. FakeTextMarkupLanguage", "04. FakeTextMarkupLanguage\04. FakeTextMarkupLanguage.csproj", "{A8CF471E-F282-4CEF-8E02-E52DFA64E52B}"
EndProject
Project("{FAE04EC0-301F-11D3-BF4B-00C04F79EFBC}") = "05. ThreeInOne", "05. ThreeInOne\05. ThreeInOne.csproj", "{D489E7CB-176B-45CC-98A1-46C5F0AFA214}"
EndProject
Global
	GlobalSection(SolutionConfigurationPlatforms) = preSolution
		Debug|Any CPU = Debug|Any CPU
		Release|Any CPU = Release|Any CPU
	EndGlobalSection
	GlobalSection(ProjectConfigurationPlatforms) = postSolution
		{B7F65D15-1C16-45BC-B774-F131240E9D7E}.Debug|Any CPU.ActiveCfg = Debug|Any CPU
		{B7F65D15-1C16-45BC-B774-F131240E9D7E}.Debug|Any CPU.Build.0 = Debug|Any CPU
		{B7F65D15-1C16-45BC-B774-F131240E9D7E}.Release|Any CPU.ActiveCfg = Release|Any CPU
		{B7F65D15-1C16-45BC-B774-F131240E9D7E}.Release|Any CPU.Build.0 = Release|Any CPU
		{75411F8D-485A-4C03-8376-5CA50E386CCF}.Debug|Any CPU.ActiveCfg = Debug|Any CPU
		{75411F8D-485A-4C03-8376-5CA50E386CCF}.Debug|Any CPU.Build.0 = Debug|Any CPU
		{75411F8D-485A-4C03-8376-5CA50E386CCF}.Release|Any CPU.ActiveCfg = Release|Any CPU
		{75411F8D-485A-4C03-8376-5CA50E386CCF}.Release|Any CPU.Build.0 = Release|Any CPU
		{F1E5CD31-5A39-4055-8A98-FDB1B64FCFBF}.Debug|Any CPU.ActiveCfg = Debug|Any CPU
		{F1E5CD31-5A39-4055-8A98-FDB1B64FCFBF}.Debug|Any CPU.Build.0 = Debug|Any CPU
		{F1E5CD31-5A39-4055-8A98-FDB1B64FCFBF}.Release|Any CPU.ActiveCfg = Release|Any CPU
		{F1E5CD31-5A39-4055-8A98-FDB1B64FCFBF}.Release|Any CPU.Build.0 = Release|Any CPU
		{A8CF471E-F282-4CEF-8E02-E52DFA64E52B}.Debug|Any CPU.ActiveCfg = Debug|Any CPU
		{A8CF471E-F282-4CEF-8E02-E52DFA64E52B}.Debug|Any CPU.Build.0 = Debug|Any CPU
		{A8CF471E-F282-4CEF-8E02-E52DFA64E52B}.Release|Any CPU.ActiveCfg = Release|Any CPU
		{A8CF471E-F282-4CEF-8E02-E52DFA64E52B}.Release|Any CPU.Build.0 = Release|Any CPU
		{D489E7CB-176B-45CC-98A1-46C5F0AFA214}.Debug|Any CPU.ActiveCfg = Debug|Any CPU
		{D489E7CB-176B-45CC-98A1-46C5F0AFA214}.Debug|Any CPU.Build.0 = Debug|Any CPU
		{D489E7CB-176B-45CC-98A1-46C5F0AFA214}.Release|Any CPU.ActiveCfg = Release|Any CPU
		{D489E7CB-176B-45CC-98A1-46C5F0AFA214}.Release|Any CPU.Build.0 = Release|Any CPU
	EndGlobalSection
	GlobalSection(SolutionProperties) = preSolution
		HideSolutionNode = FALSE
	EndGlobalSection
EndGlobal
