
Microsoft Visual Studio Solution File, Format Version 12.00
# Visual Studio 2013
VisualStudioVersion = 12.0.30501.0
MinimumVisualStudioVersion = 10.0.40219.1
Project("{FAE04EC0-301F-11D3-BF4B-00C04F79EFBC}") = "01.Dropdown", "01.Dropdown\01.Dropdown.csproj", "{1543DCEF-62E5-460C-B572-57E23773D1C5}"
EndProject
Project("{FAE04EC0-301F-11D3-BF4B-00C04F79EFBC}") = "02.MessageBox", "02.MessageBox\02.MessageBox.csproj", "{3765B222-98E5-439B-BA0B-9F1CEEBFF5B2}"
EndProject
Global
	GlobalSection(SolutionConfigurationPlatforms) = preSolution
		Debug|Any CPU = Debug|Any CPU
		Release|Any CPU = Release|Any CPU
	EndGlobalSection
	GlobalSection(ProjectConfigurationPlatforms) = postSolution
		{1543DCEF-62E5-460C-B572-57E23773D1C5}.Debug|Any CPU.ActiveCfg = Debug|Any CPU
		{1543DCEF-62E5-460C-B572-57E23773D1C5}.Debug|Any CPU.Build.0 = Debug|Any CPU
		{1543DCEF-62E5-460C-B572-57E23773D1C5}.Release|Any CPU.ActiveCfg = Release|Any CPU
		{1543DCEF-62E5-460C-B572-57E23773D1C5}.Release|Any CPU.Build.0 = Release|Any CPU
		{3765B222-98E5-439B-BA0B-9F1CEEBFF5B2}.Debug|Any CPU.ActiveCfg = Debug|Any CPU
		{3765B222-98E5-439B-BA0B-9F1CEEBFF5B2}.Debug|Any CPU.Build.0 = Debug|Any CPU
		{3765B222-98E5-439B-BA0B-9F1CEEBFF5B2}.Release|Any CPU.ActiveCfg = Release|Any CPU
		{3765B222-98E5-439B-BA0B-9F1CEEBFF5B2}.Release|Any CPU.Build.0 = Release|Any CPU
	EndGlobalSection
	GlobalSection(SolutionProperties) = preSolution
		HideSolutionNode = FALSE
	EndGlobalSection
EndGlobal
