
Microsoft Visual Studio Solution File, Format Version 12.00
# Visual Studio 2013
VisualStudioVersion = 12.0.21005.1
MinimumVisualStudioVersion = 10.0.40219.1
Project("{FAE04EC0-301F-11D3-BF4B-00C04F79EFBC}") = "02.ImageGallery", "02.ImageGallery\02.ImageGallery.csproj", "{27B955F1-6B50-4B82-A747-B635F6C4D5AE}"
EndProject
Project("{FAE04EC0-301F-11D3-BF4B-00C04F79EFBC}") = "01.PurpleSite", "01.PurpleSite\01.PurpleSite.csproj", "{C44409F7-3B8E-4BC2-A51E-66053BEDE94D}"
EndProject
Global
	GlobalSection(SolutionConfigurationPlatforms) = preSolution
		Debug|Any CPU = Debug|Any CPU
		Release|Any CPU = Release|Any CPU
	EndGlobalSection
	GlobalSection(ProjectConfigurationPlatforms) = postSolution
		{27B955F1-6B50-4B82-A747-B635F6C4D5AE}.Debug|Any CPU.ActiveCfg = Debug|Any CPU
		{27B955F1-6B50-4B82-A747-B635F6C4D5AE}.Debug|Any CPU.Build.0 = Debug|Any CPU
		{27B955F1-6B50-4B82-A747-B635F6C4D5AE}.Release|Any CPU.ActiveCfg = Release|Any CPU
		{27B955F1-6B50-4B82-A747-B635F6C4D5AE}.Release|Any CPU.Build.0 = Release|Any CPU
		{C44409F7-3B8E-4BC2-A51E-66053BEDE94D}.Debug|Any CPU.ActiveCfg = Debug|Any CPU
		{C44409F7-3B8E-4BC2-A51E-66053BEDE94D}.Debug|Any CPU.Build.0 = Debug|Any CPU
		{C44409F7-3B8E-4BC2-A51E-66053BEDE94D}.Release|Any CPU.ActiveCfg = Release|Any CPU
		{C44409F7-3B8E-4BC2-A51E-66053BEDE94D}.Release|Any CPU.Build.0 = Release|Any CPU
	EndGlobalSection
	GlobalSection(SolutionProperties) = preSolution
		HideSolutionNode = FALSE
	EndGlobalSection
EndGlobal
