
Microsoft Visual Studio Solution File, Format Version 12.00
# Visual Studio Express 2012 for Windows Desktop
Project("{FAE04EC0-301F-11D3-BF4B-00C04F79EFBC}") = "2. Crossword", "2. Crossword\2. Crossword.csproj", "{059DF9DF-C53D-4E1C-82F4-8F0FC5736ABF}"
EndProject
Project("{FAE04EC0-301F-11D3-BF4B-00C04F79EFBC}") = "3. Indices", "3. Indices\3. Indices.csproj", "{80ED32D2-B8FE-45B6-9391-9913D291899A}"
EndProject
Project("{FAE04EC0-301F-11D3-BF4B-00C04F79EFBC}") = "5. AcademyTasks", "5. AcademyTasks\5. AcademyTasks.csproj", "{BEBBE250-6AB9-48F8-A95B-212902358B84}"
EndProject
Global
	GlobalSection(SolutionConfigurationPlatforms) = preSolution
		Debug|Any CPU = Debug|Any CPU
		Release|Any CPU = Release|Any CPU
	EndGlobalSection
	GlobalSection(ProjectConfigurationPlatforms) = postSolution
		{059DF9DF-C53D-4E1C-82F4-8F0FC5736ABF}.Debug|Any CPU.ActiveCfg = Debug|Any CPU
		{059DF9DF-C53D-4E1C-82F4-8F0FC5736ABF}.Debug|Any CPU.Build.0 = Debug|Any CPU
		{059DF9DF-C53D-4E1C-82F4-8F0FC5736ABF}.Release|Any CPU.ActiveCfg = Release|Any CPU
		{059DF9DF-C53D-4E1C-82F4-8F0FC5736ABF}.Release|Any CPU.Build.0 = Release|Any CPU
		{80ED32D2-B8FE-45B6-9391-9913D291899A}.Debug|Any CPU.ActiveCfg = Debug|Any CPU
		{80ED32D2-B8FE-45B6-9391-9913D291899A}.Debug|Any CPU.Build.0 = Debug|Any CPU
		{80ED32D2-B8FE-45B6-9391-9913D291899A}.Release|Any CPU.ActiveCfg = Release|Any CPU
		{80ED32D2-B8FE-45B6-9391-9913D291899A}.Release|Any CPU.Build.0 = Release|Any CPU
		{BEBBE250-6AB9-48F8-A95B-212902358B84}.Debug|Any CPU.ActiveCfg = Debug|Any CPU
		{BEBBE250-6AB9-48F8-A95B-212902358B84}.Debug|Any CPU.Build.0 = Debug|Any CPU
		{BEBBE250-6AB9-48F8-A95B-212902358B84}.Release|Any CPU.ActiveCfg = Release|Any CPU
		{BEBBE250-6AB9-48F8-A95B-212902358B84}.Release|Any CPU.Build.0 = Release|Any CPU
	EndGlobalSection
	GlobalSection(SolutionProperties) = preSolution
		HideSolutionNode = FALSE
	EndGlobalSection
EndGlobal
