
Microsoft Visual Studio Solution File, Format Version 12.00
# Visual Studio Express 2012 for Windows Desktop
Project("{FAE04EC0-301F-11D3-BF4B-00C04F79EFBC}") = "Problem_1", "Problem_1\Problem_1.csproj", "{9E41FCB7-8D7B-47D4-B149-E961C1B1F59C}"
EndProject
Project("{FAE04EC0-301F-11D3-BF4B-00C04F79EFBC}") = "Problem_2", "Problem_2\Problem_2.csproj", "{F92EB014-1E80-40FD-9B50-CEAE1AA250E5}"
EndProject
Project("{FAE04EC0-301F-11D3-BF4B-00C04F79EFBC}") = "Problem_4", "Problem_4\Problem_4.csproj", "{CB4AC4C9-CA1E-4F7C-9D19-7D3F84CB15DD}"
EndProject
Project("{FAE04EC0-301F-11D3-BF4B-00C04F79EFBC}") = "Problem_5", "Problem_5\Problem_5.csproj", "{91C9F3B6-54D6-43CE-AB30-C123986D634C}"
EndProject
Project("{FAE04EC0-301F-11D3-BF4B-00C04F79EFBC}") = "Problem_6", "Problem_6\Problem_6.csproj", "{2B2503F5-B62C-4DA2-8DCA-0ADE580EFF47}"
EndProject
Project("{FAE04EC0-301F-11D3-BF4B-00C04F79EFBC}") = "Problem_7", "Problem_7\Problem_7.csproj", "{14BBC9E9-88D0-44AD-B30B-32C1ACB6BD3D}"
EndProject
Project("{FAE04EC0-301F-11D3-BF4B-00C04F79EFBC}") = "Problem_8", "Problem_9\Problem_8.csproj", "{0A5C3784-57F3-4ADA-A2C3-4866129BECE9}"
EndProject
Project("{FAE04EC0-301F-11D3-BF4B-00C04F79EFBC}") = "Problem_9", "Problem_10\Problem_9.csproj", "{DBC04D1C-8946-48D8-BD3D-916D21414737}"
EndProject
Project("{FAE04EC0-301F-11D3-BF4B-00C04F79EFBC}") = "Problem_10", "Problem_10_\Problem_10.csproj", "{262E8486-A4F5-4986-AAF1-63EA4EBDCF9A}"
EndProject
Project("{FAE04EC0-301F-11D3-BF4B-00C04F79EFBC}") = "Problem_11", "Problem_11\Problem_11.csproj", "{DD6C519C-ECBB-48B5-A026-32E9A4CE43C7}"
EndProject
Project("{FAE04EC0-301F-11D3-BF4B-00C04F79EFBC}") = "Problem_12", "Problem_12\Problem_12.csproj", "{75DD0F8A-C356-4585-B43F-0CD5170E18B1}"
EndProject
Project("{FAE04EC0-301F-11D3-BF4B-00C04F79EFBC}") = "Problem_13", "Problem_13\Problem_13.csproj", "{49ED3BBE-A9BC-446D-9239-4061D4645F5B}"
EndProject
Project("{FAE04EC0-301F-11D3-BF4B-00C04F79EFBC}") = "Problem_14", "Problem_14\Problem_14.csproj", "{2AFA921F-9157-4728-8CED-A04502C90316}"
EndProject
Project("{FAE04EC0-301F-11D3-BF4B-00C04F79EFBC}") = "Problem_15", "Problem_15\Problem_15.csproj", "{A2CF8DCB-81B7-4172-BC03-26B10974CED0}"
EndProject
Project("{FAE04EC0-301F-11D3-BF4B-00C04F79EFBC}") = "Problem_16", "Problem_16\Problem_16.csproj", "{4CBB3960-3B4F-4516-A175-C33E9BD41748}"
EndProject
Project("{FAE04EC0-301F-11D3-BF4B-00C04F79EFBC}") = "Problem_17", "Problem_17\Problem_17.csproj", "{63FE8EBD-9342-4C0F-B0F3-669B735316FF}"
EndProject
Project("{FAE04EC0-301F-11D3-BF4B-00C04F79EFBC}") = "Problem_18", "Problem_18\Problem_18.csproj", "{F31F685B-CD22-46D7-9B28-6161FA70A59E}"
EndProject
Project("{FAE04EC0-301F-11D3-BF4B-00C04F79EFBC}") = "Problem_19", "Problem_19\Problem_19.csproj", "{2BAE5D97-7010-4153-95E7-E695A3E668FD}"
EndProject
Project("{FAE04EC0-301F-11D3-BF4B-00C04F79EFBC}") = "Problem_20", "Problem_20\Problem_20.csproj", "{EB4EF4F6-0080-462C-943D-8CA3A0D27090}"
EndProject
Project("{FAE04EC0-301F-11D3-BF4B-00C04F79EFBC}") = "Problem_21", "Problem_21\Problem_21.csproj", "{C55273AF-7848-4ABE-9CB6-2647F4FAA1AB}"
EndProject
Project("{FAE04EC0-301F-11D3-BF4B-00C04F79EFBC}") = "Problem_22", "Problem_22\Problem_22.csproj", "{17F7F69D-0558-4499-BF57-720FC9151726}"
EndProject
Project("{FAE04EC0-301F-11D3-BF4B-00C04F79EFBC}") = "Problem_23", "Problem_23\Problem_23.csproj", "{70FD3C0A-D98F-4933-886E-F622F54EBE08}"
EndProject
Project("{FAE04EC0-301F-11D3-BF4B-00C04F79EFBC}") = "Problem_24", "Problem_24\Problem_24.csproj", "{A5D0410B-FFE0-4FC1-BA68-ED14157C2C99}"
EndProject
Project("{FAE04EC0-301F-11D3-BF4B-00C04F79EFBC}") = "Problem_25", "Problem_25\Problem_25.csproj", "{075050AD-2ADB-46D6-9496-97A4D7EE6F8C}"
EndProject
Project("{FAE04EC0-301F-11D3-BF4B-00C04F79EFBC}") = "Problem_26", "Problem_26\Problem_26.csproj", "{E332CEDA-28AB-4820-A929-D17B512251D4}"
EndProject
Global
	GlobalSection(SolutionConfigurationPlatforms) = preSolution
		Debug|Any CPU = Debug|Any CPU
		Release|Any CPU = Release|Any CPU
	EndGlobalSection
	GlobalSection(ProjectConfigurationPlatforms) = postSolution
		{9E41FCB7-8D7B-47D4-B149-E961C1B1F59C}.Debug|Any CPU.ActiveCfg = Debug|Any CPU
		{9E41FCB7-8D7B-47D4-B149-E961C1B1F59C}.Debug|Any CPU.Build.0 = Debug|Any CPU
		{9E41FCB7-8D7B-47D4-B149-E961C1B1F59C}.Release|Any CPU.ActiveCfg = Release|Any CPU
		{9E41FCB7-8D7B-47D4-B149-E961C1B1F59C}.Release|Any CPU.Build.0 = Release|Any CPU
		{F92EB014-1E80-40FD-9B50-CEAE1AA250E5}.Debug|Any CPU.ActiveCfg = Debug|Any CPU
		{F92EB014-1E80-40FD-9B50-CEAE1AA250E5}.Debug|Any CPU.Build.0 = Debug|Any CPU
		{F92EB014-1E80-40FD-9B50-CEAE1AA250E5}.Release|Any CPU.ActiveCfg = Release|Any CPU
		{F92EB014-1E80-40FD-9B50-CEAE1AA250E5}.Release|Any CPU.Build.0 = Release|Any CPU
		{CB4AC4C9-CA1E-4F7C-9D19-7D3F84CB15DD}.Debug|Any CPU.ActiveCfg = Debug|Any CPU
		{CB4AC4C9-CA1E-4F7C-9D19-7D3F84CB15DD}.Debug|Any CPU.Build.0 = Debug|Any CPU
		{CB4AC4C9-CA1E-4F7C-9D19-7D3F84CB15DD}.Release|Any CPU.ActiveCfg = Release|Any CPU
		{CB4AC4C9-CA1E-4F7C-9D19-7D3F84CB15DD}.Release|Any CPU.Build.0 = Release|Any CPU
		{91C9F3B6-54D6-43CE-AB30-C123986D634C}.Debug|Any CPU.ActiveCfg = Debug|Any CPU
		{91C9F3B6-54D6-43CE-AB30-C123986D634C}.Debug|Any CPU.Build.0 = Debug|Any CPU
		{91C9F3B6-54D6-43CE-AB30-C123986D634C}.Release|Any CPU.ActiveCfg = Release|Any CPU
		{91C9F3B6-54D6-43CE-AB30-C123986D634C}.Release|Any CPU.Build.0 = Release|Any CPU
		{2B2503F5-B62C-4DA2-8DCA-0ADE580EFF47}.Debug|Any CPU.ActiveCfg = Debug|Any CPU
		{2B2503F5-B62C-4DA2-8DCA-0ADE580EFF47}.Debug|Any CPU.Build.0 = Debug|Any CPU
		{2B2503F5-B62C-4DA2-8DCA-0ADE580EFF47}.Release|Any CPU.ActiveCfg = Release|Any CPU
		{2B2503F5-B62C-4DA2-8DCA-0ADE580EFF47}.Release|Any CPU.Build.0 = Release|Any CPU
		{14BBC9E9-88D0-44AD-B30B-32C1ACB6BD3D}.Debug|Any CPU.ActiveCfg = Debug|Any CPU
		{14BBC9E9-88D0-44AD-B30B-32C1ACB6BD3D}.Debug|Any CPU.Build.0 = Debug|Any CPU
		{14BBC9E9-88D0-44AD-B30B-32C1ACB6BD3D}.Release|Any CPU.ActiveCfg = Release|Any CPU
		{14BBC9E9-88D0-44AD-B30B-32C1ACB6BD3D}.Release|Any CPU.Build.0 = Release|Any CPU
		{0A5C3784-57F3-4ADA-A2C3-4866129BECE9}.Debug|Any CPU.ActiveCfg = Debug|Any CPU
		{0A5C3784-57F3-4ADA-A2C3-4866129BECE9}.Debug|Any CPU.Build.0 = Debug|Any CPU
		{0A5C3784-57F3-4ADA-A2C3-4866129BECE9}.Release|Any CPU.ActiveCfg = Release|Any CPU
		{0A5C3784-57F3-4ADA-A2C3-4866129BECE9}.Release|Any CPU.Build.0 = Release|Any CPU
		{DBC04D1C-8946-48D8-BD3D-916D21414737}.Debug|Any CPU.ActiveCfg = Debug|Any CPU
		{DBC04D1C-8946-48D8-BD3D-916D21414737}.Debug|Any CPU.Build.0 = Debug|Any CPU
		{DBC04D1C-8946-48D8-BD3D-916D21414737}.Release|Any CPU.ActiveCfg = Release|Any CPU
		{DBC04D1C-8946-48D8-BD3D-916D21414737}.Release|Any CPU.Build.0 = Release|Any CPU
		{262E8486-A4F5-4986-AAF1-63EA4EBDCF9A}.Debug|Any CPU.ActiveCfg = Debug|Any CPU
		{262E8486-A4F5-4986-AAF1-63EA4EBDCF9A}.Debug|Any CPU.Build.0 = Debug|Any CPU
		{262E8486-A4F5-4986-AAF1-63EA4EBDCF9A}.Release|Any CPU.ActiveCfg = Release|Any CPU
		{262E8486-A4F5-4986-AAF1-63EA4EBDCF9A}.Release|Any CPU.Build.0 = Release|Any CPU
		{DD6C519C-ECBB-48B5-A026-32E9A4CE43C7}.Debug|Any CPU.ActiveCfg = Debug|Any CPU
		{DD6C519C-ECBB-48B5-A026-32E9A4CE43C7}.Debug|Any CPU.Build.0 = Debug|Any CPU
		{DD6C519C-ECBB-48B5-A026-32E9A4CE43C7}.Release|Any CPU.ActiveCfg = Release|Any CPU
		{DD6C519C-ECBB-48B5-A026-32E9A4CE43C7}.Release|Any CPU.Build.0 = Release|Any CPU
		{75DD0F8A-C356-4585-B43F-0CD5170E18B1}.Debug|Any CPU.ActiveCfg = Debug|Any CPU
		{75DD0F8A-C356-4585-B43F-0CD5170E18B1}.Debug|Any CPU.Build.0 = Debug|Any CPU
		{75DD0F8A-C356-4585-B43F-0CD5170E18B1}.Release|Any CPU.ActiveCfg = Release|Any CPU
		{75DD0F8A-C356-4585-B43F-0CD5170E18B1}.Release|Any CPU.Build.0 = Release|Any CPU
		{49ED3BBE-A9BC-446D-9239-4061D4645F5B}.Debug|Any CPU.ActiveCfg = Debug|Any CPU
		{49ED3BBE-A9BC-446D-9239-4061D4645F5B}.Debug|Any CPU.Build.0 = Debug|Any CPU
		{49ED3BBE-A9BC-446D-9239-4061D4645F5B}.Release|Any CPU.ActiveCfg = Release|Any CPU
		{49ED3BBE-A9BC-446D-9239-4061D4645F5B}.Release|Any CPU.Build.0 = Release|Any CPU
		{2AFA921F-9157-4728-8CED-A04502C90316}.Debug|Any CPU.ActiveCfg = Debug|Any CPU
		{2AFA921F-9157-4728-8CED-A04502C90316}.Debug|Any CPU.Build.0 = Debug|Any CPU
		{2AFA921F-9157-4728-8CED-A04502C90316}.Release|Any CPU.ActiveCfg = Release|Any CPU
		{2AFA921F-9157-4728-8CED-A04502C90316}.Release|Any CPU.Build.0 = Release|Any CPU
		{A2CF8DCB-81B7-4172-BC03-26B10974CED0}.Debug|Any CPU.ActiveCfg = Debug|Any CPU
		{A2CF8DCB-81B7-4172-BC03-26B10974CED0}.Debug|Any CPU.Build.0 = Debug|Any CPU
		{A2CF8DCB-81B7-4172-BC03-26B10974CED0}.Release|Any CPU.ActiveCfg = Release|Any CPU
		{A2CF8DCB-81B7-4172-BC03-26B10974CED0}.Release|Any CPU.Build.0 = Release|Any CPU
		{4CBB3960-3B4F-4516-A175-C33E9BD41748}.Debug|Any CPU.ActiveCfg = Debug|Any CPU
		{4CBB3960-3B4F-4516-A175-C33E9BD41748}.Debug|Any CPU.Build.0 = Debug|Any CPU
		{4CBB3960-3B4F-4516-A175-C33E9BD41748}.Release|Any CPU.ActiveCfg = Release|Any CPU
		{4CBB3960-3B4F-4516-A175-C33E9BD41748}.Release|Any CPU.Build.0 = Release|Any CPU
		{63FE8EBD-9342-4C0F-B0F3-669B735316FF}.Debug|Any CPU.ActiveCfg = Debug|Any CPU
		{63FE8EBD-9342-4C0F-B0F3-669B735316FF}.Debug|Any CPU.Build.0 = Debug|Any CPU
		{63FE8EBD-9342-4C0F-B0F3-669B735316FF}.Release|Any CPU.ActiveCfg = Release|Any CPU
		{63FE8EBD-9342-4C0F-B0F3-669B735316FF}.Release|Any CPU.Build.0 = Release|Any CPU
		{F31F685B-CD22-46D7-9B28-6161FA70A59E}.Debug|Any CPU.ActiveCfg = Debug|Any CPU
		{F31F685B-CD22-46D7-9B28-6161FA70A59E}.Debug|Any CPU.Build.0 = Debug|Any CPU
		{F31F685B-CD22-46D7-9B28-6161FA70A59E}.Release|Any CPU.ActiveCfg = Release|Any CPU
		{F31F685B-CD22-46D7-9B28-6161FA70A59E}.Release|Any CPU.Build.0 = Release|Any CPU
		{2BAE5D97-7010-4153-95E7-E695A3E668FD}.Debug|Any CPU.ActiveCfg = Debug|Any CPU
		{2BAE5D97-7010-4153-95E7-E695A3E668FD}.Debug|Any CPU.Build.0 = Debug|Any CPU
		{2BAE5D97-7010-4153-95E7-E695A3E668FD}.Release|Any CPU.ActiveCfg = Release|Any CPU
		{2BAE5D97-7010-4153-95E7-E695A3E668FD}.Release|Any CPU.Build.0 = Release|Any CPU
		{EB4EF4F6-0080-462C-943D-8CA3A0D27090}.Debug|Any CPU.ActiveCfg = Debug|Any CPU
		{EB4EF4F6-0080-462C-943D-8CA3A0D27090}.Debug|Any CPU.Build.0 = Debug|Any CPU
		{EB4EF4F6-0080-462C-943D-8CA3A0D27090}.Release|Any CPU.ActiveCfg = Release|Any CPU
		{EB4EF4F6-0080-462C-943D-8CA3A0D27090}.Release|Any CPU.Build.0 = Release|Any CPU
		{C55273AF-7848-4ABE-9CB6-2647F4FAA1AB}.Debug|Any CPU.ActiveCfg = Debug|Any CPU
		{C55273AF-7848-4ABE-9CB6-2647F4FAA1AB}.Debug|Any CPU.Build.0 = Debug|Any CPU
		{C55273AF-7848-4ABE-9CB6-2647F4FAA1AB}.Release|Any CPU.ActiveCfg = Release|Any CPU
		{C55273AF-7848-4ABE-9CB6-2647F4FAA1AB}.Release|Any CPU.Build.0 = Release|Any CPU
		{17F7F69D-0558-4499-BF57-720FC9151726}.Debug|Any CPU.ActiveCfg = Debug|Any CPU
		{17F7F69D-0558-4499-BF57-720FC9151726}.Debug|Any CPU.Build.0 = Debug|Any CPU
		{17F7F69D-0558-4499-BF57-720FC9151726}.Release|Any CPU.ActiveCfg = Release|Any CPU
		{17F7F69D-0558-4499-BF57-720FC9151726}.Release|Any CPU.Build.0 = Release|Any CPU
		{70FD3C0A-D98F-4933-886E-F622F54EBE08}.Debug|Any CPU.ActiveCfg = Debug|Any CPU
		{70FD3C0A-D98F-4933-886E-F622F54EBE08}.Debug|Any CPU.Build.0 = Debug|Any CPU
		{70FD3C0A-D98F-4933-886E-F622F54EBE08}.Release|Any CPU.ActiveCfg = Release|Any CPU
		{70FD3C0A-D98F-4933-886E-F622F54EBE08}.Release|Any CPU.Build.0 = Release|Any CPU
		{A5D0410B-FFE0-4FC1-BA68-ED14157C2C99}.Debug|Any CPU.ActiveCfg = Debug|Any CPU
		{A5D0410B-FFE0-4FC1-BA68-ED14157C2C99}.Debug|Any CPU.Build.0 = Debug|Any CPU
		{A5D0410B-FFE0-4FC1-BA68-ED14157C2C99}.Release|Any CPU.ActiveCfg = Release|Any CPU
		{A5D0410B-FFE0-4FC1-BA68-ED14157C2C99}.Release|Any CPU.Build.0 = Release|Any CPU
		{075050AD-2ADB-46D6-9496-97A4D7EE6F8C}.Debug|Any CPU.ActiveCfg = Debug|Any CPU
		{075050AD-2ADB-46D6-9496-97A4D7EE6F8C}.Debug|Any CPU.Build.0 = Debug|Any CPU
		{075050AD-2ADB-46D6-9496-97A4D7EE6F8C}.Release|Any CPU.ActiveCfg = Release|Any CPU
		{075050AD-2ADB-46D6-9496-97A4D7EE6F8C}.Release|Any CPU.Build.0 = Release|Any CPU
		{E332CEDA-28AB-4820-A929-D17B512251D4}.Debug|Any CPU.ActiveCfg = Debug|Any CPU
		{E332CEDA-28AB-4820-A929-D17B512251D4}.Debug|Any CPU.Build.0 = Debug|Any CPU
		{E332CEDA-28AB-4820-A929-D17B512251D4}.Release|Any CPU.ActiveCfg = Release|Any CPU
		{E332CEDA-28AB-4820-A929-D17B512251D4}.Release|Any CPU.Build.0 = Release|Any CPU
	EndGlobalSection
	GlobalSection(SolutionProperties) = preSolution
		HideSolutionNode = FALSE
	EndGlobalSection
EndGlobal
